{
  "object": {
    "pins": [
      {
        "package": "swift-argument-parser",
        "repositoryURL": "https://github.com/apple/swift-argument-parser",
        "state": {
          "branch": null,
          "revision": "eb51f949cdd0c9d88abba9ce79d37eb7ea1231d0",
          "version": "0.2.0"
        }
      },
      {
        "package": "SwiftImage",
        "repositoryURL": "https://github.com/koher/swift-image",
        "state": {
          "branch": null,
          "revision": "c61b8cf4613a7fc80d1c2a84231cef2909e837a1",
          "version": "0.7.1"
        }
      }
    ]
  },
  "version": 1
}
